
Microsoft Visual Studio Solution File, Format Version 12.00
# Visual Studio 14
VisualStudioVersion = 14.0.24720.0
MinimumVisualStudioVersion = 10.0.40219.1
Project("{FAE04EC0-301F-11D3-BF4B-00C04F79EFBC}") = "Symber.Data", "src\Symber.Data\Symber.Data.csproj", "{59EF6436-6A6A-4BB7-B296-21324DFF6EEB}"
EndProject
Project("{FAE04EC0-301F-11D3-BF4B-00C04F79EFBC}") = "Symber.Data.SqlServer", "src\Symber.Data.SqlServer\Symber.Data.SqlServer.csproj", "{24559AE8-BC4B-4488-B63E-E7CD83B9D3CA}"
EndProject
Project("{2150E333-8FDC-42A3-9474-1A3956D46DE8}") = "src", "src", "{935756FD-3701-4E51-A8DF-76AD4019EDFF}"
EndProject
Project("{2150E333-8FDC-42A3-9474-1A3956D46DE8}") = "test", "test", "{1D4E1D66-BA46-4BDC-A14F-200CB39705D3}"
EndProject
Project("{FAE04EC0-301F-11D3-BF4B-00C04F79EFBC}") = "Symber.Data.Tests", "test\Symber.Data.Tests\Symber.Data.Tests.csproj", "{436CB630-073C-4451-8852-87CBAD248867}"
EndProject
Project("{FAE04EC0-301F-11D3-BF4B-00C04F79EFBC}") = "Symber.Data.SqlServer.Tests", "test\Symber.Data.SqlServer.Tests\Symber.Data.SqlServer.Tests.csproj", "{454598D0-6EEE-46D6-AAAD-FA1B30413FD6}"
EndProject
Project("{FAE04EC0-301F-11D3-BF4B-00C04F79EFBC}") = "Symber.Data.Tests.Helper", "test\Symber.Data.Tests.Helper\Symber.Data.Tests.Helper.csproj", "{8AC0C51F-78B6-4244-905C-628CD0AC2B81}"
EndProject
Project("{FAE04EC0-301F-11D3-BF4B-00C04F79EFBC}") = "Symber.Data.SqlServer2012.Tests", "test\Symber.Data.SqlServer2012.Tests\Symber.Data.SqlServer2012.Tests.csproj", "{CC080FF0-6A42-40E8-9B60-A25802722434}"
EndProject
Project("{FAE04EC0-301F-11D3-BF4B-00C04F79EFBC}") = "Symber.Data.SqlServer2012", "src\Symber.Data.SqlServer2012\Symber.Data.SqlServer2012.csproj", "{DA231FBC-CFF6-4BE8-A36B-0FA1CBF5B353}"
EndProject
Project("{FAE04EC0-301F-11D3-BF4B-00C04F79EFBC}") = "Symber.Data.Sqlite", "src\Symber.Data.Sqlite\Symber.Data.Sqlite.csproj", "{5EE811DE-E2E1-4512-8EDC-D25FA076567C}"
EndProject
Project("{FAE04EC0-301F-11D3-BF4B-00C04F79EFBC}") = "Symber.Data.Sqlite.Tests", "test\Symber.Data.Sqlite.Tests\Symber.Data.Sqlite.Tests.csproj", "{F2BEC498-DF93-4FDA-A3C3-334A65D04497}"
EndProject
Project("{FAE04EC0-301F-11D3-BF4B-00C04F79EFBC}") = "Symber.Data.Oracle", "src\Symber.Data.Oracle\Symber.Data.Oracle.csproj", "{DD6CBB2E-D187-4D7B-8B69-800E9B9256B8}"
EndProject
Project("{FAE04EC0-301F-11D3-BF4B-00C04F79EFBC}") = "Symber.Data.Oracle12", "src\Symber.Data.Oracle12\Symber.Data.Oracle12.csproj", "{2D8CB82A-D9ED-4E83-B1CD-525951A04415}"
EndProject
Project("{FAE04EC0-301F-11D3-BF4B-00C04F79EFBC}") = "Symber.Data.MySql", "src\Symber.Data.MySql\Symber.Data.MySql.csproj", "{FDA4816E-1208-4F28-AEEF-1D1C2094CF84}"
EndProject
Project("{FAE04EC0-301F-11D3-BF4B-00C04F79EFBC}") = "Symber.Data.MySql.Tests", "test\Symber.Data.MySql.Tests\Symber.Data.MySql.Tests.csproj", "{236315C5-C946-488B-99D2-F82CB23ED81C}"
EndProject
Project("{FAE04EC0-301F-11D3-BF4B-00C04F79EFBC}") = "Symber.Data.Oracle.Tests", "test\Symber.Data.Oracle.Tests\Symber.Data.Oracle.Tests.csproj", "{DB20D6A2-1BCF-4AEB-91FD-9AD0F9E4194F}"
EndProject
Project("{FAE04EC0-301F-11D3-BF4B-00C04F79EFBC}") = "Symber.Data.Oracle12.Tests", "test\Symber.Data.Oracle12.Tests\Symber.Data.Oracle12.Tests.csproj", "{3F96ADC5-E68B-4C76-92E7-32E8689EECB3}"
EndProject
Global
	GlobalSection(SolutionConfigurationPlatforms) = preSolution
		Debug|Any CPU = Debug|Any CPU
		Release|Any CPU = Release|Any CPU
	EndGlobalSection
	GlobalSection(ProjectConfigurationPlatforms) = postSolution
		{59EF6436-6A6A-4BB7-B296-21324DFF6EEB}.Debug|Any CPU.ActiveCfg = Debug|Any CPU
		{59EF6436-6A6A-4BB7-B296-21324DFF6EEB}.Debug|Any CPU.Build.0 = Debug|Any CPU
		{59EF6436-6A6A-4BB7-B296-21324DFF6EEB}.Release|Any CPU.ActiveCfg = Release|Any CPU
		{59EF6436-6A6A-4BB7-B296-21324DFF6EEB}.Release|Any CPU.Build.0 = Release|Any CPU
		{24559AE8-BC4B-4488-B63E-E7CD83B9D3CA}.Debug|Any CPU.ActiveCfg = Debug|Any CPU
		{24559AE8-BC4B-4488-B63E-E7CD83B9D3CA}.Debug|Any CPU.Build.0 = Debug|Any CPU
		{24559AE8-BC4B-4488-B63E-E7CD83B9D3CA}.Release|Any CPU.ActiveCfg = Release|Any CPU
		{24559AE8-BC4B-4488-B63E-E7CD83B9D3CA}.Release|Any CPU.Build.0 = Release|Any CPU
		{436CB630-073C-4451-8852-87CBAD248867}.Debug|Any CPU.ActiveCfg = Debug|Any CPU
		{436CB630-073C-4451-8852-87CBAD248867}.Debug|Any CPU.Build.0 = Debug|Any CPU
		{436CB630-073C-4451-8852-87CBAD248867}.Release|Any CPU.ActiveCfg = Release|Any CPU
		{436CB630-073C-4451-8852-87CBAD248867}.Release|Any CPU.Build.0 = Release|Any CPU
		{454598D0-6EEE-46D6-AAAD-FA1B30413FD6}.Debug|Any CPU.ActiveCfg = Debug|Any CPU
		{454598D0-6EEE-46D6-AAAD-FA1B30413FD6}.Debug|Any CPU.Build.0 = Debug|Any CPU
		{454598D0-6EEE-46D6-AAAD-FA1B30413FD6}.Release|Any CPU.ActiveCfg = Release|Any CPU
		{454598D0-6EEE-46D6-AAAD-FA1B30413FD6}.Release|Any CPU.Build.0 = Release|Any CPU
		{8AC0C51F-78B6-4244-905C-628CD0AC2B81}.Debug|Any CPU.ActiveCfg = Debug|Any CPU
		{8AC0C51F-78B6-4244-905C-628CD0AC2B81}.Debug|Any CPU.Build.0 = Debug|Any CPU
		{8AC0C51F-78B6-4244-905C-628CD0AC2B81}.Release|Any CPU.ActiveCfg = Release|Any CPU
		{8AC0C51F-78B6-4244-905C-628CD0AC2B81}.Release|Any CPU.Build.0 = Release|Any CPU
		{CC080FF0-6A42-40E8-9B60-A25802722434}.Debug|Any CPU.ActiveCfg = Debug|Any CPU
		{CC080FF0-6A42-40E8-9B60-A25802722434}.Debug|Any CPU.Build.0 = Debug|Any CPU
		{CC080FF0-6A42-40E8-9B60-A25802722434}.Release|Any CPU.ActiveCfg = Release|Any CPU
		{CC080FF0-6A42-40E8-9B60-A25802722434}.Release|Any CPU.Build.0 = Release|Any CPU
		{DA231FBC-CFF6-4BE8-A36B-0FA1CBF5B353}.Debug|Any CPU.ActiveCfg = Debug|Any CPU
		{DA231FBC-CFF6-4BE8-A36B-0FA1CBF5B353}.Debug|Any CPU.Build.0 = Debug|Any CPU
		{DA231FBC-CFF6-4BE8-A36B-0FA1CBF5B353}.Release|Any CPU.ActiveCfg = Release|Any CPU
		{DA231FBC-CFF6-4BE8-A36B-0FA1CBF5B353}.Release|Any CPU.Build.0 = Release|Any CPU
		{5EE811DE-E2E1-4512-8EDC-D25FA076567C}.Debug|Any CPU.ActiveCfg = Debug|Any CPU
		{5EE811DE-E2E1-4512-8EDC-D25FA076567C}.Debug|Any CPU.Build.0 = Debug|Any CPU
		{5EE811DE-E2E1-4512-8EDC-D25FA076567C}.Release|Any CPU.ActiveCfg = Release|Any CPU
		{5EE811DE-E2E1-4512-8EDC-D25FA076567C}.Release|Any CPU.Build.0 = Release|Any CPU
		{F2BEC498-DF93-4FDA-A3C3-334A65D04497}.Debug|Any CPU.ActiveCfg = Debug|Any CPU
		{F2BEC498-DF93-4FDA-A3C3-334A65D04497}.Debug|Any CPU.Build.0 = Debug|Any CPU
		{F2BEC498-DF93-4FDA-A3C3-334A65D04497}.Release|Any CPU.ActiveCfg = Release|Any CPU
		{F2BEC498-DF93-4FDA-A3C3-334A65D04497}.Release|Any CPU.Build.0 = Release|Any CPU
		{DD6CBB2E-D187-4D7B-8B69-800E9B9256B8}.Debug|Any CPU.ActiveCfg = Debug|Any CPU
		{DD6CBB2E-D187-4D7B-8B69-800E9B9256B8}.Debug|Any CPU.Build.0 = Debug|Any CPU
		{DD6CBB2E-D187-4D7B-8B69-800E9B9256B8}.Release|Any CPU.ActiveCfg = Release|Any CPU
		{DD6CBB2E-D187-4D7B-8B69-800E9B9256B8}.Release|Any CPU.Build.0 = Release|Any CPU
		{2D8CB82A-D9ED-4E83-B1CD-525951A04415}.Debug|Any CPU.ActiveCfg = Debug|Any CPU
		{2D8CB82A-D9ED-4E83-B1CD-525951A04415}.Debug|Any CPU.Build.0 = Debug|Any CPU
		{2D8CB82A-D9ED-4E83-B1CD-525951A04415}.Release|Any CPU.ActiveCfg = Release|Any CPU
		{2D8CB82A-D9ED-4E83-B1CD-525951A04415}.Release|Any CPU.Build.0 = Release|Any CPU
		{FDA4816E-1208-4F28-AEEF-1D1C2094CF84}.Debug|Any CPU.ActiveCfg = Debug|Any CPU
		{FDA4816E-1208-4F28-AEEF-1D1C2094CF84}.Debug|Any CPU.Build.0 = Debug|Any CPU
		{FDA4816E-1208-4F28-AEEF-1D1C2094CF84}.Release|Any CPU.ActiveCfg = Release|Any CPU
		{FDA4816E-1208-4F28-AEEF-1D1C2094CF84}.Release|Any CPU.Build.0 = Release|Any CPU
		{236315C5-C946-488B-99D2-F82CB23ED81C}.Debug|Any CPU.ActiveCfg = Debug|Any CPU
		{236315C5-C946-488B-99D2-F82CB23ED81C}.Debug|Any CPU.Build.0 = Debug|Any CPU
		{236315C5-C946-488B-99D2-F82CB23ED81C}.Release|Any CPU.ActiveCfg = Release|Any CPU
		{236315C5-C946-488B-99D2-F82CB23ED81C}.Release|Any CPU.Build.0 = Release|Any CPU
		{DB20D6A2-1BCF-4AEB-91FD-9AD0F9E4194F}.Debug|Any CPU.ActiveCfg = Debug|Any CPU
		{DB20D6A2-1BCF-4AEB-91FD-9AD0F9E4194F}.Debug|Any CPU.Build.0 = Debug|Any CPU
		{DB20D6A2-1BCF-4AEB-91FD-9AD0F9E4194F}.Release|Any CPU.ActiveCfg = Release|Any CPU
		{DB20D6A2-1BCF-4AEB-91FD-9AD0F9E4194F}.Release|Any CPU.Build.0 = Release|Any CPU
		{3F96ADC5-E68B-4C76-92E7-32E8689EECB3}.Debug|Any CPU.ActiveCfg = Debug|Any CPU
		{3F96ADC5-E68B-4C76-92E7-32E8689EECB3}.Debug|Any CPU.Build.0 = Debug|Any CPU
		{3F96ADC5-E68B-4C76-92E7-32E8689EECB3}.Release|Any CPU.ActiveCfg = Release|Any CPU
		{3F96ADC5-E68B-4C76-92E7-32E8689EECB3}.Release|Any CPU.Build.0 = Release|Any CPU
	EndGlobalSection
	GlobalSection(SolutionProperties) = preSolution
		HideSolutionNode = FALSE
	EndGlobalSection
	GlobalSection(NestedProjects) = preSolution
		{59EF6436-6A6A-4BB7-B296-21324DFF6EEB} = {935756FD-3701-4E51-A8DF-76AD4019EDFF}
		{24559AE8-BC4B-4488-B63E-E7CD83B9D3CA} = {935756FD-3701-4E51-A8DF-76AD4019EDFF}
		{436CB630-073C-4451-8852-87CBAD248867} = {1D4E1D66-BA46-4BDC-A14F-200CB39705D3}
		{454598D0-6EEE-46D6-AAAD-FA1B30413FD6} = {1D4E1D66-BA46-4BDC-A14F-200CB39705D3}
		{8AC0C51F-78B6-4244-905C-628CD0AC2B81} = {1D4E1D66-BA46-4BDC-A14F-200CB39705D3}
		{CC080FF0-6A42-40E8-9B60-A25802722434} = {1D4E1D66-BA46-4BDC-A14F-200CB39705D3}
		{DA231FBC-CFF6-4BE8-A36B-0FA1CBF5B353} = {935756FD-3701-4E51-A8DF-76AD4019EDFF}
		{5EE811DE-E2E1-4512-8EDC-D25FA076567C} = {935756FD-3701-4E51-A8DF-76AD4019EDFF}
		{F2BEC498-DF93-4FDA-A3C3-334A65D04497} = {1D4E1D66-BA46-4BDC-A14F-200CB39705D3}
		{DD6CBB2E-D187-4D7B-8B69-800E9B9256B8} = {935756FD-3701-4E51-A8DF-76AD4019EDFF}
		{2D8CB82A-D9ED-4E83-B1CD-525951A04415} = {935756FD-3701-4E51-A8DF-76AD4019EDFF}
		{FDA4816E-1208-4F28-AEEF-1D1C2094CF84} = {935756FD-3701-4E51-A8DF-76AD4019EDFF}
		{236315C5-C946-488B-99D2-F82CB23ED81C} = {1D4E1D66-BA46-4BDC-A14F-200CB39705D3}
		{DB20D6A2-1BCF-4AEB-91FD-9AD0F9E4194F} = {1D4E1D66-BA46-4BDC-A14F-200CB39705D3}
		{3F96ADC5-E68B-4C76-92E7-32E8689EECB3} = {1D4E1D66-BA46-4BDC-A14F-200CB39705D3}
	EndGlobalSection
EndGlobal
